// !$*UTF8*$!
{archiveVersion = 1; classes = {}; objectVersion = 56; objects = {
 A00000000000000000000001 = {isa=PBXProject; attributes={LastUpgradeCheck=1600;}; buildConfigurationList=A00000000000000000000002; compatibilityVersion="Xcode 14.0"; developmentRegion=en; hasScannedForEncodings=0; knownRegions=(en,Base); mainGroup=A00000000000000000000003; productRefGroup=A00000000000000000000004; projectDirPath=""; projectRoot=""; targets=(A00000000000000000000005,A00000000000000000000013);};
 A00000000000000000000002 = {isa=XCConfigurationList; buildConfigurations=(A00000000000000000000006); defaultConfigurationIsVisible=0; defaultConfigurationName=Debug;};
 A00000000000000000000003 = {isa=PBXGroup; children=(A00000000000000000000007,A00000000000000000000014,A00000000000000000000004); sourceTree="<group>";};
 A00000000000000000000004 = {isa=PBXGroup; children=(A00000000000000000000008,A00000000000000000000015); name=Products; sourceTree="<group>";};
 A00000000000000000000005 = {isa=PBXNativeTarget; buildConfigurationList=A00000000000000000000009; buildPhases=(A00000000000000000000010); buildRules=(); dependencies=(); name=TapTests; productName=TapTests; productReference=A00000000000000000000008; productType="com.apple.product-type.bundle.ui-testing";};
 A00000000000000000000006 = {isa=XCBuildConfiguration; buildSettings={SDKROOT=iphoneos; IPHONEOS_DEPLOYMENT_TARGET=17.0; SWIFT_VERSION=5.0;}; name=Debug;};
 A00000000000000000000007 = {isa=PBXFileReference; lastKnownFileType=sourcecode.swift; path=TapTests.swift; sourceTree="<group>";};
 A00000000000000000000008 = {isa=PBXFileReference; explicitFileType=wrapper.cfbundle; includeInIndex=0; path=TapTests.xctest; sourceTree=BUILT_PRODUCTS_DIR;};
 A00000000000000000000009 = {isa=XCConfigurationList; buildConfigurations=(A00000000000000000000011); defaultConfigurationIsVisible=0; defaultConfigurationName=Debug;};
 A00000000000000000000010 = {isa=PBXSourcesBuildPhase; buildActionMask=2147483647; files=(A00000000000000000000012); runOnlyForDeploymentPostprocessing=0;};
 A00000000000000000000011 = {isa=XCBuildConfiguration; buildSettings={TEST_TARGET_NAME=HostApp; PRODUCT_BUNDLE_IDENTIFIER="local.psycho.TapTests"; PRODUCT_NAME="$(TARGET_NAME)"; GENERATE_INFOPLIST_FILE=YES; CODE_SIGNING_ALLOWED=NO; TARGETED_DEVICE_FAMILY="1,2"; SWIFT_VERSION=5.0; IPHONEOS_DEPLOYMENT_TARGET=17.0; INFOPLIST_KEY_NSAppTransportSecurity_NSAllowsArbitraryLoads=YES;}; name=Debug;};
 A00000000000000000000012 = {isa=PBXBuildFile; fileRef=A00000000000000000000007;};
A00000000000000000000013 = {isa=PBXNativeTarget;buildConfigurationList=A00000000000000000000016;buildPhases=(A00000000000000000000017);buildRules=();dependencies=();name=HostApp;productName=HostApp;productReference=A00000000000000000000015;productType="com.apple.product-type.application";};
A00000000000000000000014 = {isa=PBXFileReference;lastKnownFileType=sourcecode.swift;path=HostApp.swift;sourceTree="<group>";};
A00000000000000000000015 = {isa=PBXFileReference;explicitFileType=wrapper.application;includeInIndex=0;path=HostApp.app;sourceTree=BUILT_PRODUCTS_DIR;};
A00000000000000000000016 = {isa=XCConfigurationList;buildConfigurations=(A00000000000000000000018);defaultConfigurationIsVisible=0;defaultConfigurationName=Debug;};
A00000000000000000000017 = {isa=PBXSourcesBuildPhase;buildActionMask=2147483647;files=(A00000000000000000000019);runOnlyForDeploymentPostprocessing=0;};
A00000000000000000000018 = {isa=XCBuildConfiguration;buildSettings={PRODUCT_BUNDLE_IDENTIFIER="local.psycho.TrainerTestHost";PRODUCT_NAME="$(TARGET_NAME)";GENERATE_INFOPLIST_FILE=YES;CODE_SIGNING_ALLOWED=NO;TARGETED_DEVICE_FAMILY="1,2";SWIFT_VERSION=5.0;IPHONEOS_DEPLOYMENT_TARGET=17.0;INFOPLIST_KEY_NSAppTransportSecurity_NSAllowsArbitraryLoads=YES;INFOPLIST_KEY_UILaunchScreen_Generation=YES;};name=Debug;};
A00000000000000000000019 = {isa=PBXBuildFile;fileRef=A00000000000000000000014;};
}; rootObject=A00000000000000000000001;}
